// !$*UTF8*$!
{
	archiveVersion = 1;
	classes = {
	};
	objectVersion = 46;
	objects = {

/* Begin PBXBuildFile section */
		3C11B8B81D956C940040120A /* AppDelegate.swift in Sources */ = {isa = PBXBuildFile; fileRef = 3C11B8B71D956C940040120A /* AppDelegate.swift */; };
		3C11B8BA1D956C940040120A /* ViewController.swift in Sources */ = {isa = PBXBuildFile; fileRef = 3C11B8B91D956C940040120A /* ViewController.swift */; };
		3C11B8BD1D956C940040120A /* Main.storyboard in Resources */ = {isa = PBXBuildFile; fileRef = 3C11B8BB1D956C940040120A /* Main.storyboard */; };
		3C11B8BF1D956C940040120A /* Assets.xcassets in Resources */ = {isa = PBXBuildFile; fileRef = 3C11B8BE1D956C940040120A /* Assets.xcassets */; };
		3C11B8C21D956C940040120A /* LaunchScreen.storyboard in Resources */ = {isa = PBXBuildFile; fileRef = 3C11B8C01D956C940040120A /* LaunchScreen.storyboard */; };
/* End PBXBuildFile section */

/* Begin PBXFileReference section */
		3C11B8B41D956C940040120A /* Simulador de CPU.app */ = {isa = PBXFileReference; explicitFileType = wrapper.application; includeInIndex = 0; path = "Simulador de CPU.app"; sourceTree = BUILT_PRODUCTS_DIR; };
		3C11B8B71D956C940040120A /* AppDelegate.swift */ = {isa = PBXFileReference; lastKnownFileType = sourcecode.swift; path = AppDelegate.swift; sourceTree = "<group>"; };
		3C11B8B91D956C940040120A /* ViewController.swift */ = {isa = PBXFileReference; lastKnownFileType = sourcecode.swift; path = ViewController.swift; sourceTree = "<group>"; };
		3C11B8BC1D956C940040120A /* Base */ = {isa = PBXFileReference; lastKnownFileType = file.storyboard; name = Base; path = Base.lproj/Main.storyboard; sourceTree = "<group>"; };
		3C11B8BE1D956C940040120A /* Assets.xcassets */ = {isa = PBXFileReference; lastKnownFileType = folder.assetcatalog; path = Assets.xcassets; sourceTree = "<group>"; };
		3C11B8C11D956C940040120A /* Base */ = {isa = PBXFileReference; lastKnownFileType = file.storyboard; name = Base; path = Base.lproj/LaunchScreen.storyboard; sourceTree = "<group>"; };
		3C11B8C31D956C940040120A /* Info.plist */ = {isa = PBXFileReference; lastKnownFileType = text.plist.xml; path = Info.plist; sourceTree = "<group>"; };
/* End PBXFileReference section */

/* Begin PBXFrameworksBuildPhase section */
		3C11B8B11D956C940040120A /* Frameworks */ = {
			isa = PBXFrameworksBuildPhase;
			buildActionMask = 2147483647;
			files = (
			);
			runOnlyForDeploymentPostprocessing = 0;
		};
/* End PBXFrameworksBuildPhase section */

/* Begin PBXGroup section */
		3C11B8AB1D956C930040120A = {
			isa = PBXGroup;
			children = (
				3C11B8B61D956C940040120A /* Simulador de CPU */,
				3C11B8B51D956C940040120A /* Products */,
			);
			sourceTree = "<group>";
		};
		3C11B8B51D956C940040120A /* Products */ = {
			isa = PBXGroup;
			children = (
				3C11B8B41D956C940040120A /* Simulador de CPU.app */,
			);
			name = Products;
			sourceTree = "<group>";
		};
		3C11B8B61D956C940040120A /* Simulador de CPU */ = {
			isa = PBXGroup;
			children = (
				3C11B8B71D956C940040120A /* AppDelegate.swift */,
				3C11B8B91D956C940040120A /* ViewController.swift */,
				3C11B8BB1D956C940040120A /* Main.storyboard */,
				3C11B8BE1D956C940040120A /* Assets.xcassets */,
				3C11B8C01D956C940040120A /* LaunchScreen.storyboard */,
				3C11B8C31D956C940040120A /* Info.plist */,
			);
			path = "Simulador de CPU";
			sourceTree = "<group>";
		};
/* End PBXGroup section */

/* Begin PBXNativeTarget section */
		3C11B8B31D956C940040120A /* Simulador de CPU */ = {
			isa = PBXNativeTarget;
			buildConfigurationList = 3C11B8C61D956C940040120A /* Build configuration list for PBXNativeTarget "Simulador de CPU" */;
			buildPhases = (
				3C11B8B01D956C940040120A /* Sources */,
				3C11B8B11D956C940040120A /* Frameworks */,
				3C11B8B21D956C940040120A /* Resources */,
			);
			buildRules = (
			);
			dependencies = (
			);
			name = "Simulador de CPU";
			productName = "Simulador de CPU";
			productReference = 3C11B8B41D956C940040120A /* Simulador de CPU.app */;
			productType = "com.apple.product-type.application";
		};
/* End PBXNativeTarget section */

/* Begin PBXProject section */
		3C11B8AC1D956C930040120A /* Project object */ = {
			isa = PBXProject;
			attributes = {
				LastSwiftUpdateCheck = 0720;
				LastUpgradeCheck = 0720;
				ORGANIZATIONNAME = "Ian Vitor da Silva";
				TargetAttributes = {
					3C11B8B31D956C940040120A = {
						CreatedOnToolsVersion = 7.2.1;
					};
				};
			};
			buildConfigurationList = 3C11B8AF1D956C930040120A /* Build configuration list for PBXProject "Simulador de CPU" */;
			compatibilityVersion = "Xcode 3.2";
			developmentRegion = English;
			hasScannedForEncodings = 0;
			knownRegions = (
				en,
				Base,
			);
			mainGroup = 3C11B8AB1D956C930040120A;
			productRefGroup = 3C11B8B51D956C940040120A /* Products */;
			projectDirPath = "";
			projectRoot = "";
			targets = (
				3C11B8B31D956C940040120A /* Simulador de CPU */,
			);
		};
/* End PBXProject section */

/* Begin PBXResourcesBuildPhase section */
		3C11B8B21D956C940040120A /* Resources */ = {
			isa = PBXResourcesBuildPhase;
			buildActionMask = 2147483647;
			files = (
				3C11B8C21D956C940040120A /* LaunchScreen.storyboard in Resources */,
				3C11B8BF1D956C940040120A /* Assets.xcassets in Resources */,
				3C11B8BD1D956C940040120A /* Main.storyboard in Resources */,
			);
			runOnlyForDeploymentPostprocessing = 0;
		};
/* End PBXResourcesBuildPhase section */

/* Begin PBXSourcesBuildPhase section */
		3C11B8B01D956C940040120A /* Sources */ = {
			isa = PBXSourcesBuildPhase;
			buildActionMask = 2147483647;
			files = (
				3C11B8BA1D956C940040120A /* ViewController.swift in Sources */,
				3C11B8B81D956C940040120A /* AppDelegate.swift in Sources */,
			);
			runOnlyForDeploymentPostprocessing = 0;
		};
/* End PBXSourcesBuildPhase section */

/* Begin PBXVariantGroup section */
		3C11B8BB1D956C940040120A /* Main.storyboard */ = {
			isa = PBXVariantGroup;
			children = (
				3C11B8BC1D956C940040120A /* Base */,
			);
			name = Main.storyboard;
			sourceTree = "<group>";
		};
		3C11B8C01D956C940040120A /* LaunchScreen.storyboard */ = {
			isa = PBXVariantGroup;
			children = (
				3C11B8C11D956C940040120A /* Base */,
			);
			name = LaunchScreen.storyboard;
			sourceTree = "<group>";
		};
/* End PBXVariantGroup section */

/* Begin XCBuildConfiguration section */
		3C11B8C41D956C940040120A /* Debug */ = {
			isa = XCBuildConfiguration;
			buildSettings = {
				ALWAYS_SEARCH_USER_PATHS = NO;
				CLANG_CXX_LANGUAGE_STANDARD = "gnu++0x";
				CLANG_CXX_LIBRARY = "libc++";
				CLANG_ENABLE_MODULES = YES;
				CLANG_ENABLE_OBJC_ARC = YES;
				CLANG_WARN_BOOL_CONVERSION = YES;
				CLANG_WARN_CONSTANT_CONVERSION = YES;
				CLANG_WARN_DIRECT_OBJC_ISA_USAGE = YES_ERROR;
				CLANG_WARN_EMPTY_BODY = YES;
				CLANG_WARN_ENUM_CONVERSION = YES;
				CLANG_WARN_INT_CONVERSION = YES;
				CLANG_WARN_OBJC_ROOT_CLASS = YES_ERROR;
				CLANG_WARN_UNREACHABLE_CODE = YES;
				CLANG_WARN__DUPLICATE_METHOD_MATCH = YES;
				"CODE_SIGN_IDENTITY[sdk=iphoneos*]" = "iPhone Developer";
				COPY_PHASE_STRIP = NO;
				DEBUG_INFORMATION_FORMAT = dwarf;
				ENABLE_STRICT_OBJC_MSGSEND = YES;
				ENABLE_TESTABILITY = YES;
				GCC_C_LANGUAGE_STANDARD = gnu99;
				GCC_DYNAMIC_NO_PIC = NO;
				GCC_NO_COMMON_BLOCKS = YES;
				GCC_OPTIMIZATION_LEVEL = 0;
				GCC_PREPROCESSOR_DEFINITIONS = (
					"DEBUG=1",
					"$(inherited)",
				);
				GCC_WARN_64_TO_32_BIT_CONVERSION = YES;
				GCC_WARN_ABOUT_RETURN_TYPE = YES_ERROR;
				GCC_WARN_UNDECLARED_SELECTOR = YES;
				GCC_WARN_UNINITIALIZED_AUTOS = YES_AGGRESSIVE;
				GCC_WARN_UNUSED_FUNCTION = YES;
				GCC_WARN_UNUSED_VARIABLE = YES;
				IPHONEOS_DEPLOYMENT_TARGET = 9.2;
				MTL_ENABLE_DEBUG_INFO = YES;
				ONLY_ACTIVE_ARCH = YES;
				SDKROOT = iphoneos;
				SWIFT_OPTIMIZATION_LEVEL = "-Onone";
				TARGETED_DEVICE_FAMILY = "1,2";
			};
			name = Debug;
		};
		3C11B8C51D956C940040120A /* Release */ = {
			isa = XCBuildConfiguration;
			buildSettings = {
				ALWAYS_SEARCH_USER_PATHS = NO;
				CLANG_CXX_LANGUAGE_STANDARD = "gnu++0x";
				CLANG_CXX_LIBRARY = "libc++";
				CLANG_ENABLE_MODULES = YES;
				CLANG_ENABLE_OBJC_ARC = YES;
				CLANG_WARN_BOOL_CONVERSION = YES;
				CLANG_WARN_CONSTANT_CONVERSION = YES;
				CLANG_WARN_DIRECT_OBJC_ISA_USAGE = YES_ERROR;
				CLANG_WARN_EMPTY_BODY = YES;
				CLANG_WARN_ENUM_CONVERSION = YES;
				CLANG_WARN_INT_CONVERSION = YES;
				CLANG_WARN_OBJC_ROOT_CLASS = YES_ERROR;
				CLANG_WARN_UNREACHABLE_CODE = YES;
				CLANG_WARN__DUPLICATE_METHOD_MATCH = YES;
				"CODE_SIGN_IDENTITY[sdk=iphoneos*]" = "iPhone Developer";
				COPY_PHASE_STRIP = NO;
				DEBUG_INFORMATION_FORMAT = "dwarf-with-dsym";
				ENABLE_NS_ASSERTIONS = NO;
				ENABLE_STRICT_OBJC_MSGSEND = YES;
				GCC_C_LANGUAGE_STANDARD = gnu99;
				GCC_NO_COMMON_BLOCKS = YES;
				GCC_WARN_64_TO_32_BIT_CONVERSION = YES;
				GCC_WARN_ABOUT_RETURN_TYPE = YES_ERROR;
				GCC_WARN_UNDECLARED_SELECTOR = YES;
				GCC_WARN_UNINITIALIZED_AUTOS = YES_AGGRESSIVE;
				GCC_WARN_UNUSED_FUNCTION = YES;
				GCC_WARN_UNUSED_VARIABLE = YES;
				IPHONEOS_DEPLOYMENT_TARGET = 9.2;
				MTL_ENABLE_DEBUG_INFO = NO;
				SDKROOT = iphoneos;
				TARGETED_DEVICE_FAMILY = "1,2";
				VALIDATE_PRODUCT = YES;
			};
			name = Release;
		};
		3C11B8C71D956C940040120A /* Debug */ = {
			isa = XCBuildConfiguration;
			buildSettings = {
				ASSETCATALOG_COMPILER_APPICON_NAME = AppIcon;
				INFOPLIST_FILE = "Simulador de CPU/Info.plist";
				LD_RUNPATH_SEARCH_PATHS = "$(inherited) @executable_path/Frameworks";
				PRODUCT_BUNDLE_IDENTIFIER = "com.IanSilva.Simulador-de-CPU";
				PRODUCT_NAME = "$(TARGET_NAME)";
			};
			name = Debug;
		};
		3C11B8C81D956C940040120A /* Release */ = {
			isa = XCBuildConfiguration;
			buildSettings = {
				ASSETCATALOG_COMPILER_APPICON_NAME = AppIcon;
				INFOPLIST_FILE = "Simulador de CPU/Info.plist";
				LD_RUNPATH_SEARCH_PATHS = "$(inherited) @executable_path/Frameworks";
				PRODUCT_BUNDLE_IDENTIFIER = "com.IanSilva.Simulador-de-CPU";
				PRODUCT_NAME = "$(TARGET_NAME)";
			};
			name = Release;
		};
/* End XCBuildConfiguration section */

/* Begin XCConfigurationList section */
		3C11B8AF1D956C930040120A /* Build configuration list for PBXProject "Simulador de CPU" */ = {
			isa = XCConfigurationList;
			buildConfigurations = (
				3C11B8C41D956C940040120A /* Debug */,
				3C11B8C51D956C940040120A /* Release */,
			);
			defaultConfigurationIsVisible = 0;
			defaultConfigurationName = Release;
		};
		3C11B8C61D956C940040120A /* Build configuration list for PBXNativeTarget "Simulador de CPU" */ = {
			isa = XCConfigurationList;
			buildConfigurations = (
				3C11B8C71D956C940040120A /* Debug */,
				3C11B8C81D956C940040120A /* Release */,
			);
			defaultConfigurationIsVisible = 0;
		};
/* End XCConfigurationList section */
	};
	rootObject = 3C11B8AC1D956C930040120A /* Project object */;
}
